
Microsoft Visual Studio Solution File, Format Version 12.00
# Visual Studio Version 17
VisualStudioVersion = 17.0.31903.59
MinimumVisualStudioVersion = 10.0.40219.1
Project("{FAE04EC0-301F-11D3-BF4B-00C04F79EFBC}") = "HushServerNode", "HushServerNode\HushServerNode.csproj", "{CEDD26FB-44C2-4CF2-B221-6925EA511E82}"
EndProject
Project("{FAE04EC0-301F-11D3-BF4B-00C04F79EFBC}") = "EncryptingManager", "..\Shared\Olimpo.EncryptingManager\EncryptingManager.csproj", "{BEBF0605-BDA9-4C79-95A8-AB612A4BE39C}"
EndProject
Project("{FAE04EC0-301F-11D3-BF4B-00C04F79EFBC}") = "BootstrapperManager", "..\Shared\Olimpo.BootstrapperManager\BootstrapperManager.csproj", "{674CC104-4DFF-438B-AED9-435801EE9727}"
EndProject
Project("{FAE04EC0-301F-11D3-BF4B-00C04F79EFBC}") = "EventAggregatorManager", "..\Shared\Olimpo.EventAggregatorManager\EventAggregatorManager.csproj", "{E6CE7733-24C4-4B64-8DFE-67FFCD545DD6}"
EndProject
Project("{FAE04EC0-301F-11D3-BF4B-00C04F79EFBC}") = "SigningManager", "..\Shared\Olimpo.DigitalSignature\SigningManager.csproj", "{6EA6B44B-5C8C-4600-8513-1C2776F1DAEF}"
EndProject
Project("{2150E333-8FDC-42A3-9474-1A3956D46DE8}") = "Core", "Core", "{E205815F-3B3D-4B6F-BA1A-F8A941F68E9D}"
EndProject
Project("{FAE04EC0-301F-11D3-BF4B-00C04F79EFBC}") = "HushNode.Blockchain", "Core\HushNode.Blockchain\HushNode.Blockchain.csproj", "{A8137198-F4F7-466C-812B-4D621431EAD0}"
EndProject
Project("{FAE04EC0-301F-11D3-BF4B-00C04F79EFBC}") = "HushNode.Blockchain.Persistency.Abstractions", "Core\HushNode.Blockchain.Persistency.Abstractions\HushNode.Blockchain.Persistency.Abstractions.csproj", "{8A34ADB0-CE6F-48CC-809E-7713A4088AB7}"
EndProject
Project("{2150E333-8FDC-42A3-9474-1A3956D46DE8}") = "Infrastructure", "Infrastructure", "{7E18AD70-0709-4E21-8448-E6F6E3721850}"
EndProject
Project("{FAE04EC0-301F-11D3-BF4B-00C04F79EFBC}") = "HushNode.Credentials", "Infrastructure\HushNode.Credentials\HushNode.Credentials.csproj", "{0402A2DA-8943-4ED2-AD6A-DEC15418CAD0}"
EndProject
Project("{FAE04EC0-301F-11D3-BF4B-00C04F79EFBC}") = "HushNode.Interfaces", "Infrastructure\HushNode.Interfaces\HushNode.Interfaces.csproj", "{3081ADCE-07DD-4253-8309-C49344859A96}"
EndProject
Project("{FAE04EC0-301F-11D3-BF4B-00C04F79EFBC}") = "HushNode.InternalPayloads", "Core\HushNode.InternalPayloads\HushNode.InternalPayloads.csproj", "{C701A891-5060-4082-BBC4-F917E00D0676}"
EndProject
Project("{2150E333-8FDC-42A3-9474-1A3956D46DE8}") = "Persistency", "Persistency", "{A6E62DDE-3867-4A68-9F2E-630FABD344CB}"
EndProject
Project("{FAE04EC0-301F-11D3-BF4B-00C04F79EFBC}") = "HushNode.Blockchain.Persistency.EntityFramework", "Infrastructure\Persistency\HushNode.Blockchain.Persistency.EntityFramework\HushNode.Blockchain.Persistency.EntityFramework.csproj", "{786620E8-A439-4282-A11B-4161CA516CEC}"
EndProject
Project("{FAE04EC0-301F-11D3-BF4B-00C04F79EFBC}") = "HushNode.Blockchain.Persistency.InMemory", "Infrastructure\Persistency\HushNode.Blockchain.Persistency.InMemory\HushNode.Blockchain.Persistency.InMemory.csproj", "{7F0C0ED1-9432-4050-87D1-86B71F54EECF}"
EndProject
Project("{FAE04EC0-301F-11D3-BF4B-00C04F79EFBC}") = "HushNode.MemPool", "Core\HushNode.MemPool\HushNode.MemPool.csproj", "{B016CC8E-97E8-4A33-B3D5-C10D8DA70D6C}"
EndProject
Project("{FAE04EC0-301F-11D3-BF4B-00C04F79EFBC}") = "HushNode.Indexing", "Core\HushNode.Indexing\HushNode.Indexing.csproj", "{B5553694-C7B0-41E9-808A-836F793D380A}"
EndProject
Project("{FAE04EC0-301F-11D3-BF4B-00C04F79EFBC}") = "HushNode.Blockchain.Persistency.Postgres", "Infrastructure\Persistency\HushNode.Blockchain.Persistency.Postgres\HushNode.Blockchain.Persistency.Postgres.csproj", "{F2FC2CC7-63B7-47FF-BA51-53701A3FEC7C}"
EndProject
Project("{FAE04EC0-301F-11D3-BF4B-00C04F79EFBC}") = "Olimpo.EntityFramework.Persistency", "..\Shared\Olimpo.EntityFramework.Persistency\Olimpo.EntityFramework.Persistency.csproj", "{70ABD056-21B5-4230-AF53-94BA4868587F}"
EndProject
Project("{FAE04EC0-301F-11D3-BF4B-00C04F79EFBC}") = "HushNode.Events", "Core\HushNode.Events\HushNode.Events.csproj", "{14323FD4-7336-435D-A827-1A9FFB30526D}"
EndProject
Project("{FAE04EC0-301F-11D3-BF4B-00C04F79EFBC}") = "Olimpo.Common", "..\Shared\Olimpo.Common\Olimpo.Common.csproj", "{741E29D5-62D0-4141-AF4C-ECA5A315D33A}"
EndProject
Project("{2150E333-8FDC-42A3-9474-1A3956D46DE8}") = "InternalModules", "InternalModules", "{E6CC450E-AC20-47DA-9BED-E1CF9B5054CA}"
EndProject
Project("{FAE04EC0-301F-11D3-BF4B-00C04F79EFBC}") = "HushNode.Indexing.Interfaces", "Core\HushNode.Indexing.Interfaces\HushNode.Indexing.Interfaces.csproj", "{0EE0B3BF-BADB-47FB-B657-432CE3046E2A}"
EndProject
Project("{FAE04EC0-301F-11D3-BF4B-00C04F79EFBC}") = "HushNode.InternalModules.Bank", "InternalModules\HushNode.InternalModules.Bank\HushNode.InternalModules.Bank.csproj", "{8528AEEC-0BAA-4E42-B9A8-94A46E63F504}"
EndProject
Project("{FAE04EC0-301F-11D3-BF4B-00C04F79EFBC}") = "HushNode.InternalModules.Identity", "InternalModules\HushNode.InternalModules.Identity\HushNode.InternalModules.Identity.csproj", "{9E8A30E9-D4AB-4DCE-AD50-4FB5AE6ED7E7}"
EndProject
Project("{FAE04EC0-301F-11D3-BF4B-00C04F79EFBC}") = "HushNode.Blockchain.gRPC", "Core\HushNode.Blockchain.gRPC\HushNode.Blockchain.gRPC.csproj", "{9245B96D-0FBF-4B91-8409-F50E11A04F02}"
EndProject
Global
	GlobalSection(SolutionConfigurationPlatforms) = preSolution
		Debug|Any CPU = Debug|Any CPU
		Release|Any CPU = Release|Any CPU
	EndGlobalSection
	GlobalSection(ProjectConfigurationPlatforms) = postSolution
		{CEDD26FB-44C2-4CF2-B221-6925EA511E82}.Debug|Any CPU.ActiveCfg = Debug|Any CPU
		{CEDD26FB-44C2-4CF2-B221-6925EA511E82}.Debug|Any CPU.Build.0 = Debug|Any CPU
		{CEDD26FB-44C2-4CF2-B221-6925EA511E82}.Release|Any CPU.ActiveCfg = Release|Any CPU
		{CEDD26FB-44C2-4CF2-B221-6925EA511E82}.Release|Any CPU.Build.0 = Release|Any CPU
		{BEBF0605-BDA9-4C79-95A8-AB612A4BE39C}.Debug|Any CPU.ActiveCfg = Debug|Any CPU
		{BEBF0605-BDA9-4C79-95A8-AB612A4BE39C}.Debug|Any CPU.Build.0 = Debug|Any CPU
		{BEBF0605-BDA9-4C79-95A8-AB612A4BE39C}.Release|Any CPU.ActiveCfg = Release|Any CPU
		{BEBF0605-BDA9-4C79-95A8-AB612A4BE39C}.Release|Any CPU.Build.0 = Release|Any CPU
		{674CC104-4DFF-438B-AED9-435801EE9727}.Debug|Any CPU.ActiveCfg = Debug|Any CPU
		{674CC104-4DFF-438B-AED9-435801EE9727}.Debug|Any CPU.Build.0 = Debug|Any CPU
		{674CC104-4DFF-438B-AED9-435801EE9727}.Release|Any CPU.ActiveCfg = Release|Any CPU
		{674CC104-4DFF-438B-AED9-435801EE9727}.Release|Any CPU.Build.0 = Release|Any CPU
		{E6CE7733-24C4-4B64-8DFE-67FFCD545DD6}.Debug|Any CPU.ActiveCfg = Debug|Any CPU
		{E6CE7733-24C4-4B64-8DFE-67FFCD545DD6}.Debug|Any CPU.Build.0 = Debug|Any CPU
		{E6CE7733-24C4-4B64-8DFE-67FFCD545DD6}.Release|Any CPU.ActiveCfg = Release|Any CPU
		{E6CE7733-24C4-4B64-8DFE-67FFCD545DD6}.Release|Any CPU.Build.0 = Release|Any CPU
		{6EA6B44B-5C8C-4600-8513-1C2776F1DAEF}.Debug|Any CPU.ActiveCfg = Debug|Any CPU
		{6EA6B44B-5C8C-4600-8513-1C2776F1DAEF}.Debug|Any CPU.Build.0 = Debug|Any CPU
		{6EA6B44B-5C8C-4600-8513-1C2776F1DAEF}.Release|Any CPU.ActiveCfg = Release|Any CPU
		{6EA6B44B-5C8C-4600-8513-1C2776F1DAEF}.Release|Any CPU.Build.0 = Release|Any CPU
		{A8137198-F4F7-466C-812B-4D621431EAD0}.Debug|Any CPU.ActiveCfg = Debug|Any CPU
		{A8137198-F4F7-466C-812B-4D621431EAD0}.Debug|Any CPU.Build.0 = Debug|Any CPU
		{A8137198-F4F7-466C-812B-4D621431EAD0}.Release|Any CPU.ActiveCfg = Release|Any CPU
		{A8137198-F4F7-466C-812B-4D621431EAD0}.Release|Any CPU.Build.0 = Release|Any CPU
		{8A34ADB0-CE6F-48CC-809E-7713A4088AB7}.Debug|Any CPU.ActiveCfg = Debug|Any CPU
		{8A34ADB0-CE6F-48CC-809E-7713A4088AB7}.Debug|Any CPU.Build.0 = Debug|Any CPU
		{8A34ADB0-CE6F-48CC-809E-7713A4088AB7}.Release|Any CPU.ActiveCfg = Release|Any CPU
		{8A34ADB0-CE6F-48CC-809E-7713A4088AB7}.Release|Any CPU.Build.0 = Release|Any CPU
		{0402A2DA-8943-4ED2-AD6A-DEC15418CAD0}.Debug|Any CPU.ActiveCfg = Debug|Any CPU
		{0402A2DA-8943-4ED2-AD6A-DEC15418CAD0}.Debug|Any CPU.Build.0 = Debug|Any CPU
		{0402A2DA-8943-4ED2-AD6A-DEC15418CAD0}.Release|Any CPU.ActiveCfg = Release|Any CPU
		{0402A2DA-8943-4ED2-AD6A-DEC15418CAD0}.Release|Any CPU.Build.0 = Release|Any CPU
		{3081ADCE-07DD-4253-8309-C49344859A96}.Debug|Any CPU.ActiveCfg = Debug|Any CPU
		{3081ADCE-07DD-4253-8309-C49344859A96}.Debug|Any CPU.Build.0 = Debug|Any CPU
		{3081ADCE-07DD-4253-8309-C49344859A96}.Release|Any CPU.ActiveCfg = Release|Any CPU
		{3081ADCE-07DD-4253-8309-C49344859A96}.Release|Any CPU.Build.0 = Release|Any CPU
		{C701A891-5060-4082-BBC4-F917E00D0676}.Debug|Any CPU.ActiveCfg = Debug|Any CPU
		{C701A891-5060-4082-BBC4-F917E00D0676}.Debug|Any CPU.Build.0 = Debug|Any CPU
		{C701A891-5060-4082-BBC4-F917E00D0676}.Release|Any CPU.ActiveCfg = Release|Any CPU
		{C701A891-5060-4082-BBC4-F917E00D0676}.Release|Any CPU.Build.0 = Release|Any CPU
		{786620E8-A439-4282-A11B-4161CA516CEC}.Debug|Any CPU.ActiveCfg = Debug|Any CPU
		{786620E8-A439-4282-A11B-4161CA516CEC}.Debug|Any CPU.Build.0 = Debug|Any CPU
		{786620E8-A439-4282-A11B-4161CA516CEC}.Release|Any CPU.ActiveCfg = Release|Any CPU
		{786620E8-A439-4282-A11B-4161CA516CEC}.Release|Any CPU.Build.0 = Release|Any CPU
		{7F0C0ED1-9432-4050-87D1-86B71F54EECF}.Debug|Any CPU.ActiveCfg = Debug|Any CPU
		{7F0C0ED1-9432-4050-87D1-86B71F54EECF}.Debug|Any CPU.Build.0 = Debug|Any CPU
		{7F0C0ED1-9432-4050-87D1-86B71F54EECF}.Release|Any CPU.ActiveCfg = Release|Any CPU
		{7F0C0ED1-9432-4050-87D1-86B71F54EECF}.Release|Any CPU.Build.0 = Release|Any CPU
		{B016CC8E-97E8-4A33-B3D5-C10D8DA70D6C}.Debug|Any CPU.ActiveCfg = Debug|Any CPU
		{B016CC8E-97E8-4A33-B3D5-C10D8DA70D6C}.Debug|Any CPU.Build.0 = Debug|Any CPU
		{B016CC8E-97E8-4A33-B3D5-C10D8DA70D6C}.Release|Any CPU.ActiveCfg = Release|Any CPU
		{B016CC8E-97E8-4A33-B3D5-C10D8DA70D6C}.Release|Any CPU.Build.0 = Release|Any CPU
		{B5553694-C7B0-41E9-808A-836F793D380A}.Debug|Any CPU.ActiveCfg = Debug|Any CPU
		{B5553694-C7B0-41E9-808A-836F793D380A}.Debug|Any CPU.Build.0 = Debug|Any CPU
		{B5553694-C7B0-41E9-808A-836F793D380A}.Release|Any CPU.ActiveCfg = Release|Any CPU
		{B5553694-C7B0-41E9-808A-836F793D380A}.Release|Any CPU.Build.0 = Release|Any CPU
		{F2FC2CC7-63B7-47FF-BA51-53701A3FEC7C}.Debug|Any CPU.ActiveCfg = Debug|Any CPU
		{F2FC2CC7-63B7-47FF-BA51-53701A3FEC7C}.Debug|Any CPU.Build.0 = Debug|Any CPU
		{F2FC2CC7-63B7-47FF-BA51-53701A3FEC7C}.Release|Any CPU.ActiveCfg = Release|Any CPU
		{F2FC2CC7-63B7-47FF-BA51-53701A3FEC7C}.Release|Any CPU.Build.0 = Release|Any CPU
		{70ABD056-21B5-4230-AF53-94BA4868587F}.Debug|Any CPU.ActiveCfg = Debug|Any CPU
		{70ABD056-21B5-4230-AF53-94BA4868587F}.Debug|Any CPU.Build.0 = Debug|Any CPU
		{70ABD056-21B5-4230-AF53-94BA4868587F}.Release|Any CPU.ActiveCfg = Release|Any CPU
		{70ABD056-21B5-4230-AF53-94BA4868587F}.Release|Any CPU.Build.0 = Release|Any CPU
		{14323FD4-7336-435D-A827-1A9FFB30526D}.Debug|Any CPU.ActiveCfg = Debug|Any CPU
		{14323FD4-7336-435D-A827-1A9FFB30526D}.Debug|Any CPU.Build.0 = Debug|Any CPU
		{14323FD4-7336-435D-A827-1A9FFB30526D}.Release|Any CPU.ActiveCfg = Release|Any CPU
		{14323FD4-7336-435D-A827-1A9FFB30526D}.Release|Any CPU.Build.0 = Release|Any CPU
		{741E29D5-62D0-4141-AF4C-ECA5A315D33A}.Debug|Any CPU.ActiveCfg = Debug|Any CPU
		{741E29D5-62D0-4141-AF4C-ECA5A315D33A}.Debug|Any CPU.Build.0 = Debug|Any CPU
		{741E29D5-62D0-4141-AF4C-ECA5A315D33A}.Release|Any CPU.ActiveCfg = Release|Any CPU
		{741E29D5-62D0-4141-AF4C-ECA5A315D33A}.Release|Any CPU.Build.0 = Release|Any CPU
		{0EE0B3BF-BADB-47FB-B657-432CE3046E2A}.Debug|Any CPU.ActiveCfg = Debug|Any CPU
		{0EE0B3BF-BADB-47FB-B657-432CE3046E2A}.Debug|Any CPU.Build.0 = Debug|Any CPU
		{0EE0B3BF-BADB-47FB-B657-432CE3046E2A}.Release|Any CPU.ActiveCfg = Release|Any CPU
		{0EE0B3BF-BADB-47FB-B657-432CE3046E2A}.Release|Any CPU.Build.0 = Release|Any CPU
		{8528AEEC-0BAA-4E42-B9A8-94A46E63F504}.Debug|Any CPU.ActiveCfg = Debug|Any CPU
		{8528AEEC-0BAA-4E42-B9A8-94A46E63F504}.Debug|Any CPU.Build.0 = Debug|Any CPU
		{8528AEEC-0BAA-4E42-B9A8-94A46E63F504}.Release|Any CPU.ActiveCfg = Release|Any CPU
		{8528AEEC-0BAA-4E42-B9A8-94A46E63F504}.Release|Any CPU.Build.0 = Release|Any CPU
		{9E8A30E9-D4AB-4DCE-AD50-4FB5AE6ED7E7}.Debug|Any CPU.ActiveCfg = Debug|Any CPU
		{9E8A30E9-D4AB-4DCE-AD50-4FB5AE6ED7E7}.Debug|Any CPU.Build.0 = Debug|Any CPU
		{9E8A30E9-D4AB-4DCE-AD50-4FB5AE6ED7E7}.Release|Any CPU.ActiveCfg = Release|Any CPU
		{9E8A30E9-D4AB-4DCE-AD50-4FB5AE6ED7E7}.Release|Any CPU.Build.0 = Release|Any CPU
		{9245B96D-0FBF-4B91-8409-F50E11A04F02}.Debug|Any CPU.ActiveCfg = Debug|Any CPU
		{9245B96D-0FBF-4B91-8409-F50E11A04F02}.Debug|Any CPU.Build.0 = Debug|Any CPU
		{9245B96D-0FBF-4B91-8409-F50E11A04F02}.Release|Any CPU.ActiveCfg = Release|Any CPU
		{9245B96D-0FBF-4B91-8409-F50E11A04F02}.Release|Any CPU.Build.0 = Release|Any CPU
	EndGlobalSection
	GlobalSection(SolutionProperties) = preSolution
		HideSolutionNode = FALSE
	EndGlobalSection
	GlobalSection(NestedProjects) = preSolution
		{A8137198-F4F7-466C-812B-4D621431EAD0} = {E205815F-3B3D-4B6F-BA1A-F8A941F68E9D}
		{8A34ADB0-CE6F-48CC-809E-7713A4088AB7} = {E205815F-3B3D-4B6F-BA1A-F8A941F68E9D}
		{0402A2DA-8943-4ED2-AD6A-DEC15418CAD0} = {7E18AD70-0709-4E21-8448-E6F6E3721850}
		{3081ADCE-07DD-4253-8309-C49344859A96} = {7E18AD70-0709-4E21-8448-E6F6E3721850}
		{C701A891-5060-4082-BBC4-F917E00D0676} = {E205815F-3B3D-4B6F-BA1A-F8A941F68E9D}
		{A6E62DDE-3867-4A68-9F2E-630FABD344CB} = {7E18AD70-0709-4E21-8448-E6F6E3721850}
		{786620E8-A439-4282-A11B-4161CA516CEC} = {A6E62DDE-3867-4A68-9F2E-630FABD344CB}
		{7F0C0ED1-9432-4050-87D1-86B71F54EECF} = {A6E62DDE-3867-4A68-9F2E-630FABD344CB}
		{B016CC8E-97E8-4A33-B3D5-C10D8DA70D6C} = {E205815F-3B3D-4B6F-BA1A-F8A941F68E9D}
		{B5553694-C7B0-41E9-808A-836F793D380A} = {E205815F-3B3D-4B6F-BA1A-F8A941F68E9D}
		{F2FC2CC7-63B7-47FF-BA51-53701A3FEC7C} = {A6E62DDE-3867-4A68-9F2E-630FABD344CB}
		{14323FD4-7336-435D-A827-1A9FFB30526D} = {E205815F-3B3D-4B6F-BA1A-F8A941F68E9D}
		{0EE0B3BF-BADB-47FB-B657-432CE3046E2A} = {E205815F-3B3D-4B6F-BA1A-F8A941F68E9D}
		{8528AEEC-0BAA-4E42-B9A8-94A46E63F504} = {E6CC450E-AC20-47DA-9BED-E1CF9B5054CA}
		{9E8A30E9-D4AB-4DCE-AD50-4FB5AE6ED7E7} = {E6CC450E-AC20-47DA-9BED-E1CF9B5054CA}
		{9245B96D-0FBF-4B91-8409-F50E11A04F02} = {E205815F-3B3D-4B6F-BA1A-F8A941F68E9D}
	EndGlobalSection
EndGlobal
